<?xml version="1.0" encoding="utf-8"?>
<Project ToolsVersion="4.0" xmlns="http://schemas.microsoft.com/developer/msbuild/2003">
  <ItemGroup>
    <Filter Include="Quelldateien">
      <UniqueIdentifier>{4FC737F1-C7A5-4376-A066-2A32D752A2FF}</UniqueIdentifier>
      <Extensions>cpp;c;cc;cxx;def;odl;idl;hpj;bat;asm;asmx</Extensions>
    </Filter>
    <Filter Include="Headerdateien">
      <UniqueIdentifier>{93995380-89BD-4b04-88EB-625FBE52EBFB}</UniqueIdentifier>
      <Extensions>h;hh;hpp;hxx;hm;inl;inc;ipp;xsd</Extensions>
    </Filter>
    <Filter Include="Ressourcendateien">
      <UniqueIdentifier>{67DA6AB6-F800-4c08-8B7A-83BB121AAD01}</UniqueIdentifier>
      <Extensions>rc;ico;cur;bmp;dlg;rc2;rct;bin;rgs;gif;jpg;jpeg;jpe;resx;tiff;tif;png;wav;mfcribbon-ms</Extensions>
    </Filter>
  </ItemGroup>
  <ItemGroup>
    <ClCompile Include="Common.cpp">
      <Filter>Quelldateien</Filter>
    </ClCompile>
    <ClCompile Include="Platform\OpenGL\OpenGLRenderer.cpp">
      <Filter>Quelldateien</Filter>
    </ClCompile>
    <ClCompile Include="Platform\DirectX\DirectXRenderer.cpp">
      <Filter>Quelldateien</Filter>
    </ClCompile>
    <ClCompile Include="Platform\Platform.cpp">
      <Filter>Quelldateien</Filter>
    </ClCompile>
    <ClCompile Include="Platform\Window\Window.cpp">
      <Filter>Quelldateien</Filter>
    </ClCompile>
    <ClCompile Include="Platform\OpenGL\OpenGLShader.cpp">
      <Filter>Quelldateien</Filter>
    </ClCompile>
    <ClCompile Include="Platform\Manager.cpp">
      <Filter>Quelldateien</Filter>
    </ClCompile>
    <ClCompile Include="Platform\FileSystem.cpp">
      <Filter>Quelldateien</Filter>
    </ClCompile>
    <ClCompile Include="Platform\OpenGL\OpenGLTexture.cpp">
      <Filter>Quelldateien</Filter>
    </ClCompile>
    <ClCompile Include="main.cpp">
      <Filter>Quelldateien</Filter>
    </ClCompile>
    <ClCompile Include="Platform\OpenGL\OpenGLVertexArray.cpp">
      <Filter>Quelldateien</Filter>
    </ClCompile>
    <ClCompile Include="Vendor\stb_image\stb_image.cpp">
      <Filter>Quelldateien</Filter>
    </ClCompile>
    <ClCompile Include="Platform\OrthographicCamera.cpp">
      <Filter>Quelldateien</Filter>
    </ClCompile>
    <ClCompile Include="Platform\OpenGL\OpenGLVertexBuffer.cpp">
      <Filter>Quelldateien</Filter>
    </ClCompile>
    <ClCompile Include="Platform\OpenGL\OpenGLIndexBuffer.cpp">
      <Filter>Quelldateien</Filter>
    </ClCompile>
  </ItemGroup>
  <ItemGroup>
    <ClInclude Include="Platform\OpenGL\OpenGLRenderer.h">
      <Filter>Headerdateien</Filter>
    </ClInclude>
    <ClInclude Include="Platform\DirectX\DirectXRenderer.h">
      <Filter>Headerdateien</Filter>
    </ClInclude>
    <ClInclude Include="Platform\Platform.h">
      <Filter>Headerdateien</Filter>
    </ClInclude>
    <ClInclude Include="Common.h">
      <Filter>Headerdateien</Filter>
    </ClInclude>
    <ClInclude Include="Platform\Window\Window.h">
      <Filter>Headerdateien</Filter>
    </ClInclude>
    <ClInclude Include="Platform\OpenGL\OpenGLShader.h">
      <Filter>Headerdateien</Filter>
    </ClInclude>
    <ClInclude Include="resource.h">
      <Filter>Headerdateien</Filter>
    </ClInclude>
    <ClInclude Include="Platform\Manager.h">
      <Filter>Headerdateien</Filter>
    </ClInclude>
    <ClInclude Include="Platform\FileSystem.h">
      <Filter>Headerdateien</Filter>
    </ClInclude>
    <ClInclude Include="Platform\OpenGL\OpenGLTexture.h">
      <Filter>Headerdateien</Filter>
    </ClInclude>
    <ClInclude Include="Platform\Window\WindowState.h">
      <Filter>Headerdateien</Filter>
    </ClInclude>
    <ClInclude Include="Platform\Abstract\Renderer.h">
      <Filter>Headerdateien</Filter>
    </ClInclude>
    <ClInclude Include="Platform\Abstract\Shader.h">
      <Filter>Headerdateien</Filter>
    </ClInclude>
    <ClInclude Include="Platform\Abstract\Texture.h">
      <Filter>Headerdateien</Filter>
    </ClInclude>
    <ClInclude Include="Platform\Abstract\VertexArray.h">
      <Filter>Headerdateien</Filter>
    </ClInclude>
    <ClInclude Include="Platform\OpenGL\OpenGLVertexArray.h">
      <Filter>Headerdateien</Filter>
    </ClInclude>
    <ClInclude Include="Vendor\stb_image\stb_image.h">
      <Filter>Headerdateien</Filter>
    </ClInclude>
    <ClInclude Include="Platform\Abstract\Camera.h">
      <Filter>Headerdateien</Filter>
    </ClInclude>
    <ClInclude Include="Platform\OrthographicCamera.h">
      <Filter>Headerdateien</Filter>
    </ClInclude>
    <ClInclude Include="Platform\Abstract\VertexArrayLayout.h">
      <Filter>Headerdateien</Filter>
    </ClInclude>
    <ClInclude Include="Platform\Abstract\VertexBuffer.h">
      <Filter>Headerdateien</Filter>
    </ClInclude>
    <ClInclude Include="Platform\OpenGL\OpenGLVertexBuffer.h">
      <Filter>Headerdateien</Filter>
    </ClInclude>
    <ClInclude Include="Platform\Abstract\IndexBuffer.h">
      <Filter>Headerdateien</Filter>
    </ClInclude>
    <ClInclude Include="Platform\OpenGL\OpenGLIndexBuffer.h">
      <Filter>Headerdateien</Filter>
    </ClInclude>
  </ItemGroup>
  <ItemGroup>
    <None Include="Assets\Shader\simple.frag" />
    <None Include="Assets\Shader\simple.vert" />
    <None Include="Assets\Shader\texture.frag" />
    <None Include="Assets\Shader\texture.vert" />
  </ItemGroup>
  <ItemGroup>
    <Image Include="Assets\Texture\walk_Brendan.png">
      <Filter>Ressourcendateien</Filter>
    </Image>
  </ItemGroup>
</Project>